
Microsoft Visual Studio Solution File, Format Version 12.00
# Visual Studio 15
VisualStudioVersion = 15.0.28307.705
MinimumVisualStudioVersion = 10.0.40219.1
Project("{FAE04EC0-301F-11D3-BF4B-00C04F79EFBC}") = "RunLengthEncodingCSharp", "RunLengthEncodingCSharp\RunLengthEncodingCSharp.csproj", "{2D48BFAB-3F43-4BDE-8FFD-104F6AC4A86B}"
EndProject
Global
	GlobalSection(SolutionConfigurationPlatforms) = preSolution
		Debug|Any CPU = Debug|Any CPU
		Release|Any CPU = Release|Any CPU
	EndGlobalSection
	GlobalSection(ProjectConfigurationPlatforms) = postSolution
		{2D48BFAB-3F43-4BDE-8FFD-104F6AC4A86B}.Debug|Any CPU.ActiveCfg = Debug|Any CPU
		{2D48BFAB-3F43-4BDE-8FFD-104F6AC4A86B}.Debug|Any CPU.Build.0 = Debug|Any CPU
		{2D48BFAB-3F43-4BDE-8FFD-104F6AC4A86B}.Release|Any CPU.ActiveCfg = Release|Any CPU
		{2D48BFAB-3F43-4BDE-8FFD-104F6AC4A86B}.Release|Any CPU.Build.0 = Release|Any CPU
	EndGlobalSection
	GlobalSection(SolutionProperties) = preSolution
		HideSolutionNode = FALSE
	EndGlobalSection
	GlobalSection(ExtensibilityGlobals) = postSolution
		SolutionGuid = {819F9598-6A7D-48FB-8ED2-0F3F8BFCCC36}
	EndGlobalSection
EndGlobal
